
Microsoft Visual Studio Solution File, Format Version 12.00
# Visual Studio Version 16
VisualStudioVersion = 16.0.29728.190
MinimumVisualStudioVersion = 10.0.40219.1
Project("{FAE04EC0-301F-11D3-BF4B-00C04F79EFBC}") = "Compilerplswork", "Compilerplswork.csproj", "{A637DC91-4C84-4B1A-B622-DFE798CCB084}"
EndProject
Global
	GlobalSection(SolutionConfigurationPlatforms) = preSolution
		Debug|Any CPU = Debug|Any CPU
		Release|Any CPU = Release|Any CPU
	EndGlobalSection
	GlobalSection(ProjectConfigurationPlatforms) = postSolution
		{A637DC91-4C84-4B1A-B622-DFE798CCB084}.Debug|Any CPU.ActiveCfg = Debug|Any CPU
		{A637DC91-4C84-4B1A-B622-DFE798CCB084}.Debug|Any CPU.Build.0 = Debug|Any CPU
		{A637DC91-4C84-4B1A-B622-DFE798CCB084}.Release|Any CPU.ActiveCfg = Release|Any CPU
		{A637DC91-4C84-4B1A-B622-DFE798CCB084}.Release|Any CPU.Build.0 = Release|Any CPU
	EndGlobalSection
	GlobalSection(SolutionProperties) = preSolution
		HideSolutionNode = FALSE
	EndGlobalSection
	GlobalSection(ExtensibilityGlobals) = postSolution
		SolutionGuid = {038F6F0B-9A91-4FE0-BA55-B5A6585D3980}
	EndGlobalSection
EndGlobal
